
Microsoft Visual Studio Solution File, Format Version 12.00
# Visual Studio Version 17
VisualStudioVersion = 17.11.35327.3
MinimumVisualStudioVersion = 10.0.40219.1
Project("{9A19103F-16F7-4668-BE54-9A1E7A4F7556}") = "Synapse", "Synapse.csproj", "{D70F043A-F578-4967-AEF6-799FC5205546}"
EndProject
Project("{9A19103F-16F7-4668-BE54-9A1E7A4F7556}") = "SynapseTests", "..\SynapseTests\SynapseTests.csproj", "{7E6A0EF9-94FF-4B27-81BF-410B48C7C26B}"
EndProject
Global
	GlobalSection(SolutionConfigurationPlatforms) = preSolution
		Debug|Any CPU = Debug|Any CPU
		Release|Any CPU = Release|Any CPU
	EndGlobalSection
	GlobalSection(ProjectConfigurationPlatforms) = postSolution
		{D70F043A-F578-4967-AEF6-799FC5205546}.Debug|Any CPU.ActiveCfg = Debug|Any CPU
		{D70F043A-F578-4967-AEF6-799FC5205546}.Debug|Any CPU.Build.0 = Debug|Any CPU
		{D70F043A-F578-4967-AEF6-799FC5205546}.Release|Any CPU.ActiveCfg = Release|Any CPU
		{D70F043A-F578-4967-AEF6-799FC5205546}.Release|Any CPU.Build.0 = Release|Any CPU
		{7E6A0EF9-94FF-4B27-81BF-410B48C7C26B}.Debug|Any CPU.ActiveCfg = Debug|Any CPU
		{7E6A0EF9-94FF-4B27-81BF-410B48C7C26B}.Debug|Any CPU.Build.0 = Debug|Any CPU
		{7E6A0EF9-94FF-4B27-81BF-410B48C7C26B}.Release|Any CPU.ActiveCfg = Release|Any CPU
		{7E6A0EF9-94FF-4B27-81BF-410B48C7C26B}.Release|Any CPU.Build.0 = Release|Any CPU
	EndGlobalSection
	GlobalSection(SolutionProperties) = preSolution
		HideSolutionNode = FALSE
	EndGlobalSection
	GlobalSection(ExtensibilityGlobals) = postSolution
		SolutionGuid = {BED04657-4542-439F-88DB-73848DAD6D24}
	EndGlobalSection
EndGlobal
